
Microsoft Visual Studio Solution File, Format Version 12.00
Project("{FAE04EC0-301F-11D3-BF4B-00C04F79EFBC}") = "Pixie.Test.Client", "Pixie.Test.Client\Pixie.Test.Client.csproj", "{2ADB75EC-C3D8-44F1-9A32-3B7685E531CA}"
EndProject
Project("{FAE04EC0-301F-11D3-BF4B-00C04F79EFBC}") = "Pixie.Test.Server", "Pixie.Test.Server\Pixie.Test.Server.csproj", "{3463AB45-800D-4101-A2D8-6471B8A90875}"
EndProject
Project("{FAE04EC0-301F-11D3-BF4B-00C04F79EFBC}") = "Pixie.Common", "Pixie.Common\Pixie.Common.csproj", "{CD98AB30-E2B9-4500-A82D-961C3337AA59}"
EndProject
Project("{FAE04EC0-301F-11D3-BF4B-00C04F79EFBC}") = "Pixie.Client", "Pixie.Client\Pixie.Client.csproj", "{31A140A6-FACD-4D8C-9959-4313142D9F31}"
EndProject
Project("{FAE04EC0-301F-11D3-BF4B-00C04F79EFBC}") = "Pixie.Server", "Pixie.Server\Pixie.Server.csproj", "{D5F0F285-71FD-431E-B839-DF65A97C7B33}"
EndProject
Global
	GlobalSection(SolutionConfigurationPlatforms) = preSolution
		Debug|Any CPU = Debug|Any CPU
		Release|Any CPU = Release|Any CPU
	EndGlobalSection
	GlobalSection(ProjectConfigurationPlatforms) = postSolution
		{2ADB75EC-C3D8-44F1-9A32-3B7685E531CA}.Debug|Any CPU.ActiveCfg = Debug|Any CPU
		{2ADB75EC-C3D8-44F1-9A32-3B7685E531CA}.Debug|Any CPU.Build.0 = Debug|Any CPU
		{2ADB75EC-C3D8-44F1-9A32-3B7685E531CA}.Release|Any CPU.ActiveCfg = Release|Any CPU
		{2ADB75EC-C3D8-44F1-9A32-3B7685E531CA}.Release|Any CPU.Build.0 = Release|Any CPU
		{3463AB45-800D-4101-A2D8-6471B8A90875}.Debug|Any CPU.ActiveCfg = Debug|Any CPU
		{3463AB45-800D-4101-A2D8-6471B8A90875}.Debug|Any CPU.Build.0 = Debug|Any CPU
		{3463AB45-800D-4101-A2D8-6471B8A90875}.Release|Any CPU.ActiveCfg = Release|Any CPU
		{3463AB45-800D-4101-A2D8-6471B8A90875}.Release|Any CPU.Build.0 = Release|Any CPU
		{CD98AB30-E2B9-4500-A82D-961C3337AA59}.Debug|Any CPU.ActiveCfg = Debug|Any CPU
		{CD98AB30-E2B9-4500-A82D-961C3337AA59}.Debug|Any CPU.Build.0 = Debug|Any CPU
		{CD98AB30-E2B9-4500-A82D-961C3337AA59}.Release|Any CPU.ActiveCfg = Release|Any CPU
		{CD98AB30-E2B9-4500-A82D-961C3337AA59}.Release|Any CPU.Build.0 = Release|Any CPU
		{31A140A6-FACD-4D8C-9959-4313142D9F31}.Debug|Any CPU.ActiveCfg = Debug|Any CPU
		{31A140A6-FACD-4D8C-9959-4313142D9F31}.Debug|Any CPU.Build.0 = Debug|Any CPU
		{31A140A6-FACD-4D8C-9959-4313142D9F31}.Release|Any CPU.ActiveCfg = Release|Any CPU
		{31A140A6-FACD-4D8C-9959-4313142D9F31}.Release|Any CPU.Build.0 = Release|Any CPU
		{D5F0F285-71FD-431E-B839-DF65A97C7B33}.Debug|Any CPU.ActiveCfg = Debug|Any CPU
		{D5F0F285-71FD-431E-B839-DF65A97C7B33}.Debug|Any CPU.Build.0 = Debug|Any CPU
		{D5F0F285-71FD-431E-B839-DF65A97C7B33}.Release|Any CPU.ActiveCfg = Release|Any CPU
		{D5F0F285-71FD-431E-B839-DF65A97C7B33}.Release|Any CPU.Build.0 = Release|Any CPU
	EndGlobalSection
	GlobalSection(NestedProjects) = preSolution
	EndGlobalSection
EndGlobal
